
Microsoft Visual Studio Solution File, Format Version 12.00
# Visual Studio Version 16
VisualStudioVersion = 16.0.31624.102
MinimumVisualStudioVersion = 10.0.40219.1
Project("{FAE04EC0-301F-11D3-BF4B-00C04F79EFBC}") = "HelloWorld", "HelloWorld\HelloWorld.csproj", "{F135A0EA-322B-4FE2-8B9C-7A94F19D62E5}"
EndProject
Global
	GlobalSection(SolutionConfigurationPlatforms) = preSolution
		Debug|Any CPU = Debug|Any CPU
		Release|Any CPU = Release|Any CPU
	EndGlobalSection
	GlobalSection(ProjectConfigurationPlatforms) = postSolution
		{F135A0EA-322B-4FE2-8B9C-7A94F19D62E5}.Debug|Any CPU.ActiveCfg = Debug|Any CPU
		{F135A0EA-322B-4FE2-8B9C-7A94F19D62E5}.Debug|Any CPU.Build.0 = Debug|Any CPU
		{F135A0EA-322B-4FE2-8B9C-7A94F19D62E5}.Release|Any CPU.ActiveCfg = Release|Any CPU
		{F135A0EA-322B-4FE2-8B9C-7A94F19D62E5}.Release|Any CPU.Build.0 = Release|Any CPU
	EndGlobalSection
	GlobalSection(SolutionProperties) = preSolution
		HideSolutionNode = FALSE
	EndGlobalSection
	GlobalSection(ExtensibilityGlobals) = postSolution
		SolutionGuid = {A0552B12-CB81-4E1C-952D-5AC0BE1E2F09}
	EndGlobalSection
EndGlobal
